// !$*UTF8*$!
{
	archiveVersion = 1;
	classes = {
	};
	objectVersion = 50;
	objects = {

/* Begin PBXBuildFile section */
		0917271E21A511A90095C804 /* WelcomePageFour.swift in Sources */ = {isa = PBXBuildFile; fileRef = 0917271D21A511A90095C804 /* WelcomePageFour.swift */; };
		0917272021A514870095C804 /* MenuVC.swift in Sources */ = {isa = PBXBuildFile; fileRef = 0917271F21A514870095C804 /* MenuVC.swift */; };
		0917272221A51AFE0095C804 /* MenuCell.swift in Sources */ = {isa = PBXBuildFile; fileRef = 0917272121A51AFE0095C804 /* MenuCell.swift */; };
		09B0C46221A94FF8003BDC9F /* sample.json in Resources */ = {isa = PBXBuildFile; fileRef = 09B0C46121A94FF8003BDC9F /* sample.json */; };
		09B0C46521A9E716003BDC9F /* WordObject.swift in Sources */ = {isa = PBXBuildFile; fileRef = 09B0C46421A9E716003BDC9F /* WordObject.swift */; };
		09B0C46721A9E94C003BDC9F /* Verse.swift in Sources */ = {isa = PBXBuildFile; fileRef = 09B0C46621A9E94C003BDC9F /* Verse.swift */; };
		09C1A40B21A0B3E700F5D2EE /* AppDelegate.swift in Sources */ = {isa = PBXBuildFile; fileRef = 09C1A40A21A0B3E700F5D2EE /* AppDelegate.swift */; };
		09C1A40D21A0B3E700F5D2EE /* WelcomePageVC.swift in Sources */ = {isa = PBXBuildFile; fileRef = 09C1A40C21A0B3E700F5D2EE /* WelcomePageVC.swift */; };
		09C1A41021A0B3E700F5D2EE /* Main.storyboard in Resources */ = {isa = PBXBuildFile; fileRef = 09C1A40E21A0B3E700F5D2EE /* Main.storyboard */; };
		09C1A41221A0B3E800F5D2EE /* Assets.xcassets in Resources */ = {isa = PBXBuildFile; fileRef = 09C1A41121A0B3E800F5D2EE /* Assets.xcassets */; };
		09C1A41521A0B3E800F5D2EE /* LaunchScreen.storyboard in Resources */ = {isa = PBXBuildFile; fileRef = 09C1A41321A0B3E800F5D2EE /* LaunchScreen.storyboard */; };
		09C1A41E21A0F51500F5D2EE /* Extensions.swift in Sources */ = {isa = PBXBuildFile; fileRef = 09C1A41D21A0F51500F5D2EE /* Extensions.swift */; };
		09C1A42021A0FAEC00F5D2EE /* WelcomePageOne.swift in Sources */ = {isa = PBXBuildFile; fileRef = 09C1A41F21A0FAEC00F5D2EE /* WelcomePageOne.swift */; };
		09C1A42421A1021900F5D2EE /* WelcomePageTwo.swift in Sources */ = {isa = PBXBuildFile; fileRef = 09C1A42321A1021900F5D2EE /* WelcomePageTwo.swift */; };
		09C1A42621A11D7A00F5D2EE /* WelcomePageThree.swift in Sources */ = {isa = PBXBuildFile; fileRef = 09C1A42521A11D7A00F5D2EE /* WelcomePageThree.swift */; };
		09C1A42921A4F7ED00F5D2EE /* GreekTagged.swift in Sources */ = {isa = PBXBuildFile; fileRef = 09C1A42821A4F7ED00F5D2EE /* GreekTagged.swift */; };
/* End PBXBuildFile section */

/* Begin PBXFileReference section */
		0917271D21A511A90095C804 /* WelcomePageFour.swift */ = {isa = PBXFileReference; lastKnownFileType = sourcecode.swift; path = WelcomePageFour.swift; sourceTree = "<group>"; };
		0917271F21A514870095C804 /* MenuVC.swift */ = {isa = PBXFileReference; lastKnownFileType = sourcecode.swift; path = MenuVC.swift; sourceTree = "<group>"; };
		0917272121A51AFE0095C804 /* MenuCell.swift */ = {isa = PBXFileReference; lastKnownFileType = sourcecode.swift; path = MenuCell.swift; sourceTree = "<group>"; };
		09B0C46121A94FF8003BDC9F /* sample.json */ = {isa = PBXFileReference; fileEncoding = 4; lastKnownFileType = text.json; path = sample.json; sourceTree = "<group>"; };
		09B0C46421A9E716003BDC9F /* WordObject.swift */ = {isa = PBXFileReference; lastKnownFileType = sourcecode.swift; path = WordObject.swift; sourceTree = "<group>"; };
		09B0C46621A9E94C003BDC9F /* Verse.swift */ = {isa = PBXFileReference; lastKnownFileType = sourcecode.swift; path = Verse.swift; sourceTree = "<group>"; };
		09C1A40721A0B3E700F5D2EE /* Swift-Interlinear.app */ = {isa = PBXFileReference; explicitFileType = wrapper.application; includeInIndex = 0; path = "Swift-Interlinear.app"; sourceTree = BUILT_PRODUCTS_DIR; };
		09C1A40A21A0B3E700F5D2EE /* AppDelegate.swift */ = {isa = PBXFileReference; lastKnownFileType = sourcecode.swift; path = AppDelegate.swift; sourceTree = "<group>"; };
		09C1A40C21A0B3E700F5D2EE /* WelcomePageVC.swift */ = {isa = PBXFileReference; lastKnownFileType = sourcecode.swift; path = WelcomePageVC.swift; sourceTree = "<group>"; };
		09C1A40F21A0B3E700F5D2EE /* Base */ = {isa = PBXFileReference; lastKnownFileType = file.storyboard; name = Base; path = Base.lproj/Main.storyboard; sourceTree = "<group>"; };
		09C1A41121A0B3E800F5D2EE /* Assets.xcassets */ = {isa = PBXFileReference; lastKnownFileType = folder.assetcatalog; path = Assets.xcassets; sourceTree = "<group>"; };
		09C1A41421A0B3E800F5D2EE /* Base */ = {isa = PBXFileReference; lastKnownFileType = file.storyboard; name = Base; path = Base.lproj/LaunchScreen.storyboard; sourceTree = "<group>"; };
		09C1A41621A0B3E800F5D2EE /* Info.plist */ = {isa = PBXFileReference; lastKnownFileType = text.plist.xml; path = Info.plist; sourceTree = "<group>"; };
		09C1A41D21A0F51500F5D2EE /* Extensions.swift */ = {isa = PBXFileReference; lastKnownFileType = sourcecode.swift; path = Extensions.swift; sourceTree = "<group>"; };
		09C1A41F21A0FAEC00F5D2EE /* WelcomePageOne.swift */ = {isa = PBXFileReference; lastKnownFileType = sourcecode.swift; path = WelcomePageOne.swift; sourceTree = "<group>"; };
		09C1A42321A1021900F5D2EE /* WelcomePageTwo.swift */ = {isa = PBXFileReference; lastKnownFileType = sourcecode.swift; path = WelcomePageTwo.swift; sourceTree = "<group>"; };
		09C1A42521A11D7A00F5D2EE /* WelcomePageThree.swift */ = {isa = PBXFileReference; lastKnownFileType = sourcecode.swift; path = WelcomePageThree.swift; sourceTree = "<group>"; };
		09C1A42821A4F7ED00F5D2EE /* GreekTagged.swift */ = {isa = PBXFileReference; lastKnownFileType = sourcecode.swift; path = GreekTagged.swift; sourceTree = "<group>"; };
/* End PBXFileReference section */

/* Begin PBXFrameworksBuildPhase section */
		09C1A40421A0B3E700F5D2EE /* Frameworks */ = {
			isa = PBXFrameworksBuildPhase;
			buildActionMask = 2147483647;
			files = (
			);
			runOnlyForDeploymentPostprocessing = 0;
		};
/* End PBXFrameworksBuildPhase section */

/* Begin PBXGroup section */
		0917271A21A4FB790095C804 /* Resources */ = {
			isa = PBXGroup;
			children = (
				09B0C46121A94FF8003BDC9F /* sample.json */,
			);
			path = Resources;
			sourceTree = "<group>";
		};
		09B0C46321A9E6AF003BDC9F /* Model */ = {
			isa = PBXGroup;
			children = (
				09B0C46421A9E716003BDC9F /* WordObject.swift */,
				09B0C46621A9E94C003BDC9F /* Verse.swift */,
			);
			path = Model;
			sourceTree = "<group>";
		};
		09C1A3FE21A0B3E700F5D2EE = {
			isa = PBXGroup;
			children = (
				09C1A40921A0B3E700F5D2EE /* Swift-Interlinear */,
				09C1A40821A0B3E700F5D2EE /* Products */,
			);
			sourceTree = "<group>";
		};
		09C1A40821A0B3E700F5D2EE /* Products */ = {
			isa = PBXGroup;
			children = (
				09C1A40721A0B3E700F5D2EE /* Swift-Interlinear.app */,
			);
			name = Products;
			sourceTree = "<group>";
		};
		09C1A40921A0B3E700F5D2EE /* Swift-Interlinear */ = {
			isa = PBXGroup;
			children = (
				09B0C46321A9E6AF003BDC9F /* Model */,
				09C1A42821A4F7ED00F5D2EE /* GreekTagged.swift */,
				0917271F21A514870095C804 /* MenuVC.swift */,
				0917272121A51AFE0095C804 /* MenuCell.swift */,
				0917271A21A4FB790095C804 /* Resources */,
				09C1A42721A12F4400F5D2EE /* Welcome Page */,
				09C1A41C21A0F3A000F5D2EE /* Utils + Extensions */,
				09C1A40A21A0B3E700F5D2EE /* AppDelegate.swift */,
				09C1A40E21A0B3E700F5D2EE /* Main.storyboard */,
				09C1A41121A0B3E800F5D2EE /* Assets.xcassets */,
				09C1A41321A0B3E800F5D2EE /* LaunchScreen.storyboard */,
				09C1A41621A0B3E800F5D2EE /* Info.plist */,
			);
			path = "Swift-Interlinear";
			sourceTree = "<group>";
		};
		09C1A41C21A0F3A000F5D2EE /* Utils + Extensions */ = {
			isa = PBXGroup;
			children = (
				09C1A41D21A0F51500F5D2EE /* Extensions.swift */,
			);
			path = "Utils + Extensions";
			sourceTree = "<group>";
		};
		09C1A42721A12F4400F5D2EE /* Welcome Page */ = {
			isa = PBXGroup;
			children = (
				09C1A40C21A0B3E700F5D2EE /* WelcomePageVC.swift */,
				09C1A41F21A0FAEC00F5D2EE /* WelcomePageOne.swift */,
				09C1A42321A1021900F5D2EE /* WelcomePageTwo.swift */,
				09C1A42521A11D7A00F5D2EE /* WelcomePageThree.swift */,
				0917271D21A511A90095C804 /* WelcomePageFour.swift */,
			);
			path = "Welcome Page";
			sourceTree = "<group>";
		};
/* End PBXGroup section */

/* Begin PBXNativeTarget section */
		09C1A40621A0B3E700F5D2EE /* Swift-Interlinear */ = {
			isa = PBXNativeTarget;
			buildConfigurationList = 09C1A41921A0B3E800F5D2EE /* Build configuration list for PBXNativeTarget "Swift-Interlinear" */;
			buildPhases = (
				09C1A40321A0B3E700F5D2EE /* Sources */,
				09C1A40421A0B3E700F5D2EE /* Frameworks */,
				09C1A40521A0B3E700F5D2EE /* Resources */,
			);
			buildRules = (
			);
			dependencies = (
			);
			name = "Swift-Interlinear";
			productName = "Swift-Interlinear";
			productReference = 09C1A40721A0B3E700F5D2EE /* Swift-Interlinear.app */;
			productType = "com.apple.product-type.application";
		};
/* End PBXNativeTarget section */

/* Begin PBXProject section */
		09C1A3FF21A0B3E700F5D2EE /* Project object */ = {
			isa = PBXProject;
			attributes = {
				LastSwiftUpdateCheck = 1010;
				LastUpgradeCheck = 1010;
				ORGANIZATIONNAME = "Eric Wong";
				TargetAttributes = {
					09C1A40621A0B3E700F5D2EE = {
						CreatedOnToolsVersion = 10.1;
					};
				};
			};
			buildConfigurationList = 09C1A40221A0B3E700F5D2EE /* Build configuration list for PBXProject "Swift-Interlinear" */;
			compatibilityVersion = "Xcode 9.3";
			developmentRegion = en;
			hasScannedForEncodings = 0;
			knownRegions = (
				en,
				Base,
			);
			mainGroup = 09C1A3FE21A0B3E700F5D2EE;
			productRefGroup = 09C1A40821A0B3E700F5D2EE /* Products */;
			projectDirPath = "";
			projectRoot = "";
			targets = (
				09C1A40621A0B3E700F5D2EE /* Swift-Interlinear */,
			);
		};
/* End PBXProject section */

/* Begin PBXResourcesBuildPhase section */
		09C1A40521A0B3E700F5D2EE /* Resources */ = {
			isa = PBXResourcesBuildPhase;
			buildActionMask = 2147483647;
			files = (
				09C1A41521A0B3E800F5D2EE /* LaunchScreen.storyboard in Resources */,
				09B0C46221A94FF8003BDC9F /* sample.json in Resources */,
				09C1A41221A0B3E800F5D2EE /* Assets.xcassets in Resources */,
				09C1A41021A0B3E700F5D2EE /* Main.storyboard in Resources */,
			);
			runOnlyForDeploymentPostprocessing = 0;
		};
/* End PBXResourcesBuildPhase section */

/* Begin PBXSourcesBuildPhase section */
		09C1A40321A0B3E700F5D2EE /* Sources */ = {
			isa = PBXSourcesBuildPhase;
			buildActionMask = 2147483647;
			files = (
				09C1A40D21A0B3E700F5D2EE /* WelcomePageVC.swift in Sources */,
				09C1A41E21A0F51500F5D2EE /* Extensions.swift in Sources */,
				09C1A42621A11D7A00F5D2EE /* WelcomePageThree.swift in Sources */,
				09B0C46721A9E94C003BDC9F /* Verse.swift in Sources */,
				09C1A42921A4F7ED00F5D2EE /* GreekTagged.swift in Sources */,
				09B0C46521A9E716003BDC9F /* WordObject.swift in Sources */,
				09C1A42021A0FAEC00F5D2EE /* WelcomePageOne.swift in Sources */,
				0917272021A514870095C804 /* MenuVC.swift in Sources */,
				0917272221A51AFE0095C804 /* MenuCell.swift in Sources */,
				0917271E21A511A90095C804 /* WelcomePageFour.swift in Sources */,
				09C1A42421A1021900F5D2EE /* WelcomePageTwo.swift in Sources */,
				09C1A40B21A0B3E700F5D2EE /* AppDelegate.swift in Sources */,
			);
			runOnlyForDeploymentPostprocessing = 0;
		};
/* End PBXSourcesBuildPhase section */

/* Begin PBXVariantGroup section */
		09C1A40E21A0B3E700F5D2EE /* Main.storyboard */ = {
			isa = PBXVariantGroup;
			children = (
				09C1A40F21A0B3E700F5D2EE /* Base */,
			);
			name = Main.storyboard;
			sourceTree = "<group>";
		};
		09C1A41321A0B3E800F5D2EE /* LaunchScreen.storyboard */ = {
			isa = PBXVariantGroup;
			children = (
				09C1A41421A0B3E800F5D2EE /* Base */,
			);
			name = LaunchScreen.storyboard;
			sourceTree = "<group>";
		};
/* End PBXVariantGroup section */

/* Begin XCBuildConfiguration section */
		09C1A41721A0B3E800F5D2EE /* Debug */ = {
			isa = XCBuildConfiguration;
			buildSettings = {
				ALWAYS_SEARCH_USER_PATHS = NO;
				CLANG_ANALYZER_NONNULL = YES;
				CLANG_ANALYZER_NUMBER_OBJECT_CONVERSION = YES_AGGRESSIVE;
				CLANG_CXX_LANGUAGE_STANDARD = "gnu++14";
				CLANG_CXX_LIBRARY = "libc++";
				CLANG_ENABLE_MODULES = YES;
				CLANG_ENABLE_OBJC_ARC = YES;
				CLANG_ENABLE_OBJC_WEAK = YES;
				CLANG_WARN_BLOCK_CAPTURE_AUTORELEASING = YES;
				CLANG_WARN_BOOL_CONVERSION = YES;
				CLANG_WARN_COMMA = YES;
				CLANG_WARN_CONSTANT_CONVERSION = YES;
				CLANG_WARN_DEPRECATED_OBJC_IMPLEMENTATIONS = YES;
				CLANG_WARN_DIRECT_OBJC_ISA_USAGE = YES_ERROR;
				CLANG_WARN_DOCUMENTATION_COMMENTS = YES;
				CLANG_WARN_EMPTY_BODY = YES;
				CLANG_WARN_ENUM_CONVERSION = YES;
				CLANG_WARN_INFINITE_RECURSION = YES;
				CLANG_WARN_INT_CONVERSION = YES;
				CLANG_WARN_NON_LITERAL_NULL_CONVERSION = YES;
				CLANG_WARN_OBJC_IMPLICIT_RETAIN_SELF = YES;
				CLANG_WARN_OBJC_LITERAL_CONVERSION = YES;
				CLANG_WARN_OBJC_ROOT_CLASS = YES_ERROR;
				CLANG_WARN_RANGE_LOOP_ANALYSIS = YES;
				CLANG_WARN_STRICT_PROTOTYPES = YES;
				CLANG_WARN_SUSPICIOUS_MOVE = YES;
				CLANG_WARN_UNGUARDED_AVAILABILITY = YES_AGGRESSIVE;
				CLANG_WARN_UNREACHABLE_CODE = YES;
				CLANG_WARN__DUPLICATE_METHOD_MATCH = YES;
				CODE_SIGN_IDENTITY = "iPhone Developer";
				COPY_PHASE_STRIP = NO;
				DEBUG_INFORMATION_FORMAT = dwarf;
				ENABLE_STRICT_OBJC_MSGSEND = YES;
				ENABLE_TESTABILITY = YES;
				GCC_C_LANGUAGE_STANDARD = gnu11;
				GCC_DYNAMIC_NO_PIC = NO;
				GCC_NO_COMMON_BLOCKS = YES;
				GCC_OPTIMIZATION_LEVEL = 0;
				GCC_PREPROCESSOR_DEFINITIONS = (
					"DEBUG=1",
					"$(inherited)",
				);
				GCC_WARN_64_TO_32_BIT_CONVERSION = YES;
				GCC_WARN_ABOUT_RETURN_TYPE = YES_ERROR;
				GCC_WARN_UNDECLARED_SELECTOR = YES;
				GCC_WARN_UNINITIALIZED_AUTOS = YES_AGGRESSIVE;
				GCC_WARN_UNUSED_FUNCTION = YES;
				GCC_WARN_UNUSED_VARIABLE = YES;
				IPHONEOS_DEPLOYMENT_TARGET = 12.1;
				MTL_ENABLE_DEBUG_INFO = INCLUDE_SOURCE;
				MTL_FAST_MATH = YES;
				ONLY_ACTIVE_ARCH = YES;
				SDKROOT = iphoneos;
				SWIFT_ACTIVE_COMPILATION_CONDITIONS = DEBUG;
				SWIFT_OPTIMIZATION_LEVEL = "-Onone";
			};
			name = Debug;
		};
		09C1A41821A0B3E800F5D2EE /* Release */ = {
			isa = XCBuildConfiguration;
			buildSettings = {
				ALWAYS_SEARCH_USER_PATHS = NO;
				CLANG_ANALYZER_NONNULL = YES;
				CLANG_ANALYZER_NUMBER_OBJECT_CONVERSION = YES_AGGRESSIVE;
				CLANG_CXX_LANGUAGE_STANDARD = "gnu++14";
				CLANG_CXX_LIBRARY = "libc++";
				CLANG_ENABLE_MODULES = YES;
				CLANG_ENABLE_OBJC_ARC = YES;
				CLANG_ENABLE_OBJC_WEAK = YES;
				CLANG_WARN_BLOCK_CAPTURE_AUTORELEASING = YES;
				CLANG_WARN_BOOL_CONVERSION = YES;
				CLANG_WARN_COMMA = YES;
				CLANG_WARN_CONSTANT_CONVERSION = YES;
				CLANG_WARN_DEPRECATED_OBJC_IMPLEMENTATIONS = YES;
				CLANG_WARN_DIRECT_OBJC_ISA_USAGE = YES_ERROR;
				CLANG_WARN_DOCUMENTATION_COMMENTS = YES;
				CLANG_WARN_EMPTY_BODY = YES;
				CLANG_WARN_ENUM_CONVERSION = YES;
				CLANG_WARN_INFINITE_RECURSION = YES;
				CLANG_WARN_INT_CONVERSION = YES;
				CLANG_WARN_NON_LITERAL_NULL_CONVERSION = YES;
				CLANG_WARN_OBJC_IMPLICIT_RETAIN_SELF = YES;
				CLANG_WARN_OBJC_LITERAL_CONVERSION = YES;
				CLANG_WARN_OBJC_ROOT_CLASS = YES_ERROR;
				CLANG_WARN_RANGE_LOOP_ANALYSIS = YES;
				CLANG_WARN_STRICT_PROTOTYPES = YES;
				CLANG_WARN_SUSPICIOUS_MOVE = YES;
				CLANG_WARN_UNGUARDED_AVAILABILITY = YES_AGGRESSIVE;
				CLANG_WARN_UNREACHABLE_CODE = YES;
				CLANG_WARN__DUPLICATE_METHOD_MATCH = YES;
				CODE_SIGN_IDENTITY = "iPhone Developer";
				COPY_PHASE_STRIP = NO;
				DEBUG_INFORMATION_FORMAT = "dwarf-with-dsym";
				ENABLE_NS_ASSERTIONS = NO;
				ENABLE_STRICT_OBJC_MSGSEND = YES;
				GCC_C_LANGUAGE_STANDARD = gnu11;
				GCC_NO_COMMON_BLOCKS = YES;
				GCC_WARN_64_TO_32_BIT_CONVERSION = YES;
				GCC_WARN_ABOUT_RETURN_TYPE = YES_ERROR;
				GCC_WARN_UNDECLARED_SELECTOR = YES;
				GCC_WARN_UNINITIALIZED_AUTOS = YES_AGGRESSIVE;
				GCC_WARN_UNUSED_FUNCTION = YES;
				GCC_WARN_UNUSED_VARIABLE = YES;
				IPHONEOS_DEPLOYMENT_TARGET = 12.1;
				MTL_ENABLE_DEBUG_INFO = NO;
				MTL_FAST_MATH = YES;
				SDKROOT = iphoneos;
				SWIFT_COMPILATION_MODE = wholemodule;
				SWIFT_OPTIMIZATION_LEVEL = "-O";
				VALIDATE_PRODUCT = YES;
			};
			name = Release;
		};
		09C1A41A21A0B3E800F5D2EE /* Debug */ = {
			isa = XCBuildConfiguration;
			buildSettings = {
				ASSETCATALOG_COMPILER_APPICON_NAME = AppIcon;
				CODE_SIGN_STYLE = Automatic;
				DEVELOPMENT_TEAM = 37UFE54W7P;
				INFOPLIST_FILE = "Swift-Interlinear/Info.plist";
				LD_RUNPATH_SEARCH_PATHS = (
					"$(inherited)",
					"@executable_path/Frameworks",
				);
				PRODUCT_BUNDLE_IDENTIFIER = "outpour.Swift-Interlinear";
				PRODUCT_NAME = "$(TARGET_NAME)";
				SWIFT_VERSION = 4.2;
				TARGETED_DEVICE_FAMILY = "1,2";
			};
			name = Debug;
		};
		09C1A41B21A0B3E800F5D2EE /* Release */ = {
			isa = XCBuildConfiguration;
			buildSettings = {
				ASSETCATALOG_COMPILER_APPICON_NAME = AppIcon;
				CODE_SIGN_STYLE = Automatic;
				DEVELOPMENT_TEAM = 37UFE54W7P;
				INFOPLIST_FILE = "Swift-Interlinear/Info.plist";
				LD_RUNPATH_SEARCH_PATHS = (
					"$(inherited)",
					"@executable_path/Frameworks",
				);
				PRODUCT_BUNDLE_IDENTIFIER = "outpour.Swift-Interlinear";
				PRODUCT_NAME = "$(TARGET_NAME)";
				SWIFT_VERSION = 4.2;
				TARGETED_DEVICE_FAMILY = "1,2";
			};
			name = Release;
		};
/* End XCBuildConfiguration section */

/* Begin XCConfigurationList section */
		09C1A40221A0B3E700F5D2EE /* Build configuration list for PBXProject "Swift-Interlinear" */ = {
			isa = XCConfigurationList;
			buildConfigurations = (
				09C1A41721A0B3E800F5D2EE /* Debug */,
				09C1A41821A0B3E800F5D2EE /* Release */,
			);
			defaultConfigurationIsVisible = 0;
			defaultConfigurationName = Release;
		};
		09C1A41921A0B3E800F5D2EE /* Build configuration list for PBXNativeTarget "Swift-Interlinear" */ = {
			isa = XCConfigurationList;
			buildConfigurations = (
				09C1A41A21A0B3E800F5D2EE /* Debug */,
				09C1A41B21A0B3E800F5D2EE /* Release */,
			);
			defaultConfigurationIsVisible = 0;
			defaultConfigurationName = Release;
		};
/* End XCConfigurationList section */
	};
	rootObject = 09C1A3FF21A0B3E700F5D2EE /* Project object */;
}
